
Microsoft Visual Studio Solution File, Format Version 12.00
# Visual Studio Version 17
VisualStudioVersion = 17.11.35222.181
MinimumVisualStudioVersion = 10.0.40219.1
Project("{FAE04EC0-301F-11D3-BF4B-00C04F79EFBC}") = "Project2_Stocks", "Project1_Stocks\Project2_Stocks.csproj", "{98AD086D-FF0E-4EF7-9473-AC155A1871C1}"
EndProject
Global
	GlobalSection(SolutionConfigurationPlatforms) = preSolution
		Debug|Any CPU = Debug|Any CPU
		Release|Any CPU = Release|Any CPU
	EndGlobalSection
	GlobalSection(ProjectConfigurationPlatforms) = postSolution
		{98AD086D-FF0E-4EF7-9473-AC155A1871C1}.Debug|Any CPU.ActiveCfg = Debug|Any CPU
		{98AD086D-FF0E-4EF7-9473-AC155A1871C1}.Debug|Any CPU.Build.0 = Debug|Any CPU
		{98AD086D-FF0E-4EF7-9473-AC155A1871C1}.Release|Any CPU.ActiveCfg = Release|Any CPU
		{98AD086D-FF0E-4EF7-9473-AC155A1871C1}.Release|Any CPU.Build.0 = Release|Any CPU
	EndGlobalSection
	GlobalSection(SolutionProperties) = preSolution
		HideSolutionNode = FALSE
	EndGlobalSection
	GlobalSection(ExtensibilityGlobals) = postSolution
		SolutionGuid = {3FD9B693-6BF6-46B2-A853-A6777A178799}
	EndGlobalSection
EndGlobal
